
Microsoft Visual Studio Solution File, Format Version 12.00
# Visual Studio Version 16
VisualStudioVersion = 16.0.29123.88
MinimumVisualStudioVersion = 10.0.40219.1
Project("{FAE04EC0-301F-11D3-BF4B-00C04F79EFBC}") = "AntraProgramavimoPraktika", "Antra\AntraProgramavimoPraktika.csproj", "{A0A4F985-513F-40E5-BA3F-6E9D64F251CA}"
EndProject
Global
	GlobalSection(SolutionConfigurationPlatforms) = preSolution
		Debug|Any CPU = Debug|Any CPU
		Release|Any CPU = Release|Any CPU
	EndGlobalSection
	GlobalSection(ProjectConfigurationPlatforms) = postSolution
		{A0A4F985-513F-40E5-BA3F-6E9D64F251CA}.Debug|Any CPU.ActiveCfg = Debug|Any CPU
		{A0A4F985-513F-40E5-BA3F-6E9D64F251CA}.Debug|Any CPU.Build.0 = Debug|Any CPU
		{A0A4F985-513F-40E5-BA3F-6E9D64F251CA}.Release|Any CPU.ActiveCfg = Release|Any CPU
		{A0A4F985-513F-40E5-BA3F-6E9D64F251CA}.Release|Any CPU.Build.0 = Release|Any CPU
	EndGlobalSection
	GlobalSection(SolutionProperties) = preSolution
		HideSolutionNode = FALSE
	EndGlobalSection
	GlobalSection(ExtensibilityGlobals) = postSolution
		SolutionGuid = {7798E116-922A-4F9E-B86B-5A4EEFF1B415}
	EndGlobalSection
EndGlobal
